{
  "version": 4,
  "terraform_version": "1.0.11",
  "serial": 5,
  "lineage": "9f3310cc-aff2-0bc3-13b6-b2646085df2c",
  "outputs": {},
  "resources": [
    {
      "mode": "managed",
      "type": "azurerm_subnet",
      "name": "subnet",
      "provider": "provider[\"registry.terraform.io/hashicorp/azurerm\"]",
      "instances": [
        {
          "schema_version": 0,
          "attributes": {
            "address_prefix": "10.0.1.0/24",
            "address_prefixes": [
              "10.0.1.0/24"
            ],
            "delegation": [],
            "enforce_private_link_endpoint_network_policies": false,
            "enforce_private_link_service_network_policies": false,
            "id": "/subscriptions/0f39574d-d756-48cf-b622-0e27a6943bd2/resourceGroups/552-ae3f7564-make-changes-to-azure-infrastructure/providers/Microsoft.Network/virtualNetworks/BatmanInc/subnets/Robins",
            "name": "Robins",
            "resource_group_name": "552-ae3f7564-make-changes-to-azure-infrastructure",
            "service_endpoint_policy_ids": [],
            "service_endpoints": [],
            "timeouts": null,
            "virtual_network_name": "BatmanInc"
          },
          "sensitive_attributes": [],
          "private": "eyJlMmJmYjczMC1lY2FhLTExZTYtOGY4OC0zNDM2M2JjN2M0YzAiOnsiY3JlYXRlIjoxODAwMDAwMDAwMDAwLCJkZWxldGUiOjE4MDAwMDAwMDAwMDAsInJlYWQiOjMwMDAwMDAwMDAwMCwidXBkYXRlIjoxODAwMDAwMDAwMDAwfX0=",
          "dependencies": [
            "azurerm_virtual_network.vnet"
          ]
        }
      ]
    },
    {
      "mode": "managed",
      "type": "azurerm_virtual_network",
      "name": "vnet",
      "provider": "provider[\"registry.terraform.io/hashicorp/azurerm\"]",
      "instances": [
        {
          "schema_version": 0,
          "attributes": {
            "address_space": [
              "10.0.0.0/16"
            ],
            "bgp_community": "",
            "ddos_protection_plan": [],
            "dns_servers": [],
            "flow_timeout_in_minutes": 0,
            "guid": "764cc750-657c-442a-963e-525297d8a36f",
            "id": "/subscriptions/0f39574d-d756-48cf-b622-0e27a6943bd2/resourceGroups/552-ae3f7564-make-changes-to-azure-infrastructure/providers/Microsoft.Network/virtualNetworks/BatmanInc",
            "location": "centralus",
            "name": "BatmanInc",
            "resource_group_name": "552-ae3f7564-make-changes-to-azure-infrastructure",
            "subnet": [
              {
                "address_prefix": "10.0.1.0/24",
                "id": "/subscriptions/0f39574d-d756-48cf-b622-0e27a6943bd2/resourceGroups/552-ae3f7564-make-changes-to-azure-infrastructure/providers/Microsoft.Network/virtualNetworks/BatmanInc/subnets/Robins",
                "name": "Robins",
                "security_group": ""
              }
            ],
            "tags": {
              "Environment": "TheBatcave",
              "Team": "Batman"
            },
            "timeouts": null,
            "vm_protection_enabled": false
          },
          "sensitive_attributes": [],
          "private": "eyJlMmJmYjczMC1lY2FhLTExZTYtOGY4OC0zNDM2M2JjN2M0YzAiOnsiY3JlYXRlIjoxODAwMDAwMDAwMDAwLCJkZWxldGUiOjE4MDAwMDAwMDAwMDAsInJlYWQiOjMwMDAwMDAwMDAwMCwidXBkYXRlIjoxODAwMDAwMDAwMDAwfX0="
        }
      ]
    }
  ]
}
